
Microsoft Visual Studio Solution File, Format Version 12.00
# Visual Studio 14
VisualStudioVersion = 14.0.25420.1
MinimumVisualStudioVersion = 10.0.40219.1
Project("{8BC9CEB8-8B4A-11D0-8D11-00A0C91BC942}") = "LoggerLib", "LoggerLib\LoggerLib.vcxproj", "{165DFBDB-7BFC-43A7-860D-3A99ABC9AE1F}"
EndProject
Project("{8BC9CEB8-8B4A-11D0-8D11-00A0C91BC942}") = "LoggerClient", "LoggerClient\LoggerClient.vcxproj", "{80ECA12C-8EDA-4E49-A9FF-26770DCA5D5F}"
EndProject
Project("{8BC9CEB8-8B4A-11D0-8D11-00A0C91BC942}") = "LoggerDotNet", "LoggerDotNet\LoggerDotNet.vcxproj", "{66B663C8-BD83-423E-B661-54AE2F13E8A7}"
EndProject
Project("{8BC9CEB8-8B4A-11D0-8D11-00A0C91BC942}") = "LoggerDotNetClient", "LoggerDotNetClient\LoggerDotNetClient.vcxproj", "{CE156812-A16A-4CBF-BF39-A424F2F6941B}"
EndProject
Global
	GlobalSection(SolutionConfigurationPlatforms) = preSolution
		Debug|x64 = Debug|x64
		Debug|x86 = Debug|x86
		Release|x64 = Release|x64
		Release|x86 = Release|x86
	EndGlobalSection
	GlobalSection(ProjectConfigurationPlatforms) = postSolution
		{165DFBDB-7BFC-43A7-860D-3A99ABC9AE1F}.Debug|x64.ActiveCfg = Debug|x64
		{165DFBDB-7BFC-43A7-860D-3A99ABC9AE1F}.Debug|x64.Build.0 = Debug|x64
		{165DFBDB-7BFC-43A7-860D-3A99ABC9AE1F}.Debug|x86.ActiveCfg = Debug|Win32
		{165DFBDB-7BFC-43A7-860D-3A99ABC9AE1F}.Debug|x86.Build.0 = Debug|Win32
		{165DFBDB-7BFC-43A7-860D-3A99ABC9AE1F}.Release|x64.ActiveCfg = Release|x64
		{165DFBDB-7BFC-43A7-860D-3A99ABC9AE1F}.Release|x64.Build.0 = Release|x64
		{165DFBDB-7BFC-43A7-860D-3A99ABC9AE1F}.Release|x86.ActiveCfg = Release|Win32
		{165DFBDB-7BFC-43A7-860D-3A99ABC9AE1F}.Release|x86.Build.0 = Release|Win32
		{80ECA12C-8EDA-4E49-A9FF-26770DCA5D5F}.Debug|x64.ActiveCfg = Debug|x64
		{80ECA12C-8EDA-4E49-A9FF-26770DCA5D5F}.Debug|x64.Build.0 = Debug|x64
		{80ECA12C-8EDA-4E49-A9FF-26770DCA5D5F}.Debug|x86.ActiveCfg = Debug|Win32
		{80ECA12C-8EDA-4E49-A9FF-26770DCA5D5F}.Debug|x86.Build.0 = Debug|Win32
		{80ECA12C-8EDA-4E49-A9FF-26770DCA5D5F}.Release|x64.ActiveCfg = Release|x64
		{80ECA12C-8EDA-4E49-A9FF-26770DCA5D5F}.Release|x64.Build.0 = Release|x64
		{80ECA12C-8EDA-4E49-A9FF-26770DCA5D5F}.Release|x86.ActiveCfg = Release|Win32
		{80ECA12C-8EDA-4E49-A9FF-26770DCA5D5F}.Release|x86.Build.0 = Release|Win32
		{66B663C8-BD83-423E-B661-54AE2F13E8A7}.Debug|x64.ActiveCfg = Debug|x64
		{66B663C8-BD83-423E-B661-54AE2F13E8A7}.Debug|x64.Build.0 = Debug|x64
		{66B663C8-BD83-423E-B661-54AE2F13E8A7}.Debug|x86.ActiveCfg = Debug|Win32
		{66B663C8-BD83-423E-B661-54AE2F13E8A7}.Debug|x86.Build.0 = Debug|Win32
		{66B663C8-BD83-423E-B661-54AE2F13E8A7}.Release|x64.ActiveCfg = Release|x64
		{66B663C8-BD83-423E-B661-54AE2F13E8A7}.Release|x64.Build.0 = Release|x64
		{66B663C8-BD83-423E-B661-54AE2F13E8A7}.Release|x86.ActiveCfg = Release|Win32
		{66B663C8-BD83-423E-B661-54AE2F13E8A7}.Release|x86.Build.0 = Release|Win32
		{CE156812-A16A-4CBF-BF39-A424F2F6941B}.Debug|x64.ActiveCfg = Debug|x64
		{CE156812-A16A-4CBF-BF39-A424F2F6941B}.Debug|x64.Build.0 = Debug|x64
		{CE156812-A16A-4CBF-BF39-A424F2F6941B}.Debug|x86.ActiveCfg = Debug|Win32
		{CE156812-A16A-4CBF-BF39-A424F2F6941B}.Debug|x86.Build.0 = Debug|Win32
		{CE156812-A16A-4CBF-BF39-A424F2F6941B}.Release|x64.ActiveCfg = Release|x64
		{CE156812-A16A-4CBF-BF39-A424F2F6941B}.Release|x64.Build.0 = Release|x64
		{CE156812-A16A-4CBF-BF39-A424F2F6941B}.Release|x86.ActiveCfg = Release|Win32
		{CE156812-A16A-4CBF-BF39-A424F2F6941B}.Release|x86.Build.0 = Release|Win32
	EndGlobalSection
	GlobalSection(SolutionProperties) = preSolution
		HideSolutionNode = FALSE
	EndGlobalSection
EndGlobal
